
Microsoft Visual Studio Solution File, Format Version 12.00
# Visual Studio Version 16
VisualStudioVersion = 16.0.29926.136
MinimumVisualStudioVersion = 15.0.26124.0
Project("{2150E333-8FDC-42A3-9474-1A3956D46DE8}") = "src", "src", "{2F8D2FDA-BD8B-41E8-A46B-7B20FB17C642}"
EndProject
Project("{9A19103F-16F7-4668-BE54-9A1E7A4F7556}") = "RawTcp.Server", "src\RawTcp.Server\RawTcp.Server.csproj", "{6B35A1BD-6A2F-4BD1-B649-3B185EE7C84A}"
EndProject
Project("{9A19103F-16F7-4668-BE54-9A1E7A4F7556}") = "RawTcp.Client", "src\RawTcp.Client\RawTcp.Client.csproj", "{5F844112-7231-4A3B-9716-E8DFC11C14BF}"
EndProject
Project("{2150E333-8FDC-42A3-9474-1A3956D46DE8}") = "test", "test", "{15C6F415-19A3-4815-BFB4-11B43AFAC64F}"
EndProject
Project("{9A19103F-16F7-4668-BE54-9A1E7A4F7556}") = "MessageParser.Test", "test\MessageParser.Test\MessageParser.Test.csproj", "{0772EF9E-15E8-4363-859E-7F8D765186D8}"
EndProject
Project("{9A19103F-16F7-4668-BE54-9A1E7A4F7556}") = "MemoryConsole", "src\MemoryConsole\MemoryConsole.csproj", "{131124AE-AFD2-4762-94DB-9FD87DAACB5A}"
EndProject
Project("{9A19103F-16F7-4668-BE54-9A1E7A4F7556}") = "RawTcp.Protocol", "src\RawTcp.Protocol\RawTcp.Protocol.csproj", "{1F1DACCB-D0D7-41D8-B8B3-64D36326062A}"
EndProject
Project("{FAE04EC0-301F-11D3-BF4B-00C04F79EFBC}") = "RawTcp.PreallocServer", "src\RawTcp.PreallocServer\RawTcp.PreallocServer.csproj", "{776781A0-9EF1-41EF-A4EC-4ABE806EE49C}"
EndProject
Global
	GlobalSection(SolutionConfigurationPlatforms) = preSolution
		Debug|Any CPU = Debug|Any CPU
		Debug|x64 = Debug|x64
		Debug|x86 = Debug|x86
		Release|Any CPU = Release|Any CPU
		Release|x64 = Release|x64
		Release|x86 = Release|x86
	EndGlobalSection
	GlobalSection(ProjectConfigurationPlatforms) = postSolution
		{6B35A1BD-6A2F-4BD1-B649-3B185EE7C84A}.Debug|Any CPU.ActiveCfg = Debug|Any CPU
		{6B35A1BD-6A2F-4BD1-B649-3B185EE7C84A}.Debug|Any CPU.Build.0 = Debug|Any CPU
		{6B35A1BD-6A2F-4BD1-B649-3B185EE7C84A}.Debug|x64.ActiveCfg = Debug|Any CPU
		{6B35A1BD-6A2F-4BD1-B649-3B185EE7C84A}.Debug|x64.Build.0 = Debug|Any CPU
		{6B35A1BD-6A2F-4BD1-B649-3B185EE7C84A}.Debug|x86.ActiveCfg = Debug|Any CPU
		{6B35A1BD-6A2F-4BD1-B649-3B185EE7C84A}.Debug|x86.Build.0 = Debug|Any CPU
		{6B35A1BD-6A2F-4BD1-B649-3B185EE7C84A}.Release|Any CPU.ActiveCfg = Release|Any CPU
		{6B35A1BD-6A2F-4BD1-B649-3B185EE7C84A}.Release|Any CPU.Build.0 = Release|Any CPU
		{6B35A1BD-6A2F-4BD1-B649-3B185EE7C84A}.Release|x64.ActiveCfg = Release|Any CPU
		{6B35A1BD-6A2F-4BD1-B649-3B185EE7C84A}.Release|x64.Build.0 = Release|Any CPU
		{6B35A1BD-6A2F-4BD1-B649-3B185EE7C84A}.Release|x86.ActiveCfg = Release|Any CPU
		{6B35A1BD-6A2F-4BD1-B649-3B185EE7C84A}.Release|x86.Build.0 = Release|Any CPU
		{5F844112-7231-4A3B-9716-E8DFC11C14BF}.Debug|Any CPU.ActiveCfg = Debug|Any CPU
		{5F844112-7231-4A3B-9716-E8DFC11C14BF}.Debug|Any CPU.Build.0 = Debug|Any CPU
		{5F844112-7231-4A3B-9716-E8DFC11C14BF}.Debug|x64.ActiveCfg = Debug|Any CPU
		{5F844112-7231-4A3B-9716-E8DFC11C14BF}.Debug|x64.Build.0 = Debug|Any CPU
		{5F844112-7231-4A3B-9716-E8DFC11C14BF}.Debug|x86.ActiveCfg = Debug|Any CPU
		{5F844112-7231-4A3B-9716-E8DFC11C14BF}.Debug|x86.Build.0 = Debug|Any CPU
		{5F844112-7231-4A3B-9716-E8DFC11C14BF}.Release|Any CPU.ActiveCfg = Release|Any CPU
		{5F844112-7231-4A3B-9716-E8DFC11C14BF}.Release|Any CPU.Build.0 = Release|Any CPU
		{5F844112-7231-4A3B-9716-E8DFC11C14BF}.Release|x64.ActiveCfg = Release|Any CPU
		{5F844112-7231-4A3B-9716-E8DFC11C14BF}.Release|x64.Build.0 = Release|Any CPU
		{5F844112-7231-4A3B-9716-E8DFC11C14BF}.Release|x86.ActiveCfg = Release|Any CPU
		{5F844112-7231-4A3B-9716-E8DFC11C14BF}.Release|x86.Build.0 = Release|Any CPU
		{0772EF9E-15E8-4363-859E-7F8D765186D8}.Debug|Any CPU.ActiveCfg = Debug|Any CPU
		{0772EF9E-15E8-4363-859E-7F8D765186D8}.Debug|Any CPU.Build.0 = Debug|Any CPU
		{0772EF9E-15E8-4363-859E-7F8D765186D8}.Debug|x64.ActiveCfg = Debug|Any CPU
		{0772EF9E-15E8-4363-859E-7F8D765186D8}.Debug|x64.Build.0 = Debug|Any CPU
		{0772EF9E-15E8-4363-859E-7F8D765186D8}.Debug|x86.ActiveCfg = Debug|Any CPU
		{0772EF9E-15E8-4363-859E-7F8D765186D8}.Debug|x86.Build.0 = Debug|Any CPU
		{0772EF9E-15E8-4363-859E-7F8D765186D8}.Release|Any CPU.ActiveCfg = Release|Any CPU
		{0772EF9E-15E8-4363-859E-7F8D765186D8}.Release|Any CPU.Build.0 = Release|Any CPU
		{0772EF9E-15E8-4363-859E-7F8D765186D8}.Release|x64.ActiveCfg = Release|Any CPU
		{0772EF9E-15E8-4363-859E-7F8D765186D8}.Release|x64.Build.0 = Release|Any CPU
		{0772EF9E-15E8-4363-859E-7F8D765186D8}.Release|x86.ActiveCfg = Release|Any CPU
		{0772EF9E-15E8-4363-859E-7F8D765186D8}.Release|x86.Build.0 = Release|Any CPU
		{131124AE-AFD2-4762-94DB-9FD87DAACB5A}.Debug|Any CPU.ActiveCfg = Debug|Any CPU
		{131124AE-AFD2-4762-94DB-9FD87DAACB5A}.Debug|Any CPU.Build.0 = Debug|Any CPU
		{131124AE-AFD2-4762-94DB-9FD87DAACB5A}.Debug|x64.ActiveCfg = Debug|Any CPU
		{131124AE-AFD2-4762-94DB-9FD87DAACB5A}.Debug|x64.Build.0 = Debug|Any CPU
		{131124AE-AFD2-4762-94DB-9FD87DAACB5A}.Debug|x86.ActiveCfg = Debug|Any CPU
		{131124AE-AFD2-4762-94DB-9FD87DAACB5A}.Debug|x86.Build.0 = Debug|Any CPU
		{131124AE-AFD2-4762-94DB-9FD87DAACB5A}.Release|Any CPU.ActiveCfg = Release|Any CPU
		{131124AE-AFD2-4762-94DB-9FD87DAACB5A}.Release|Any CPU.Build.0 = Release|Any CPU
		{131124AE-AFD2-4762-94DB-9FD87DAACB5A}.Release|x64.ActiveCfg = Release|Any CPU
		{131124AE-AFD2-4762-94DB-9FD87DAACB5A}.Release|x64.Build.0 = Release|Any CPU
		{131124AE-AFD2-4762-94DB-9FD87DAACB5A}.Release|x86.ActiveCfg = Release|Any CPU
		{131124AE-AFD2-4762-94DB-9FD87DAACB5A}.Release|x86.Build.0 = Release|Any CPU
		{1F1DACCB-D0D7-41D8-B8B3-64D36326062A}.Debug|Any CPU.ActiveCfg = Debug|Any CPU
		{1F1DACCB-D0D7-41D8-B8B3-64D36326062A}.Debug|Any CPU.Build.0 = Debug|Any CPU
		{1F1DACCB-D0D7-41D8-B8B3-64D36326062A}.Debug|x64.ActiveCfg = Debug|Any CPU
		{1F1DACCB-D0D7-41D8-B8B3-64D36326062A}.Debug|x64.Build.0 = Debug|Any CPU
		{1F1DACCB-D0D7-41D8-B8B3-64D36326062A}.Debug|x86.ActiveCfg = Debug|Any CPU
		{1F1DACCB-D0D7-41D8-B8B3-64D36326062A}.Debug|x86.Build.0 = Debug|Any CPU
		{1F1DACCB-D0D7-41D8-B8B3-64D36326062A}.Release|Any CPU.ActiveCfg = Release|Any CPU
		{1F1DACCB-D0D7-41D8-B8B3-64D36326062A}.Release|Any CPU.Build.0 = Release|Any CPU
		{1F1DACCB-D0D7-41D8-B8B3-64D36326062A}.Release|x64.ActiveCfg = Release|Any CPU
		{1F1DACCB-D0D7-41D8-B8B3-64D36326062A}.Release|x64.Build.0 = Release|Any CPU
		{1F1DACCB-D0D7-41D8-B8B3-64D36326062A}.Release|x86.ActiveCfg = Release|Any CPU
		{1F1DACCB-D0D7-41D8-B8B3-64D36326062A}.Release|x86.Build.0 = Release|Any CPU
		{776781A0-9EF1-41EF-A4EC-4ABE806EE49C}.Debug|Any CPU.ActiveCfg = Debug|Any CPU
		{776781A0-9EF1-41EF-A4EC-4ABE806EE49C}.Debug|Any CPU.Build.0 = Debug|Any CPU
		{776781A0-9EF1-41EF-A4EC-4ABE806EE49C}.Debug|x64.ActiveCfg = Debug|Any CPU
		{776781A0-9EF1-41EF-A4EC-4ABE806EE49C}.Debug|x64.Build.0 = Debug|Any CPU
		{776781A0-9EF1-41EF-A4EC-4ABE806EE49C}.Debug|x86.ActiveCfg = Debug|Any CPU
		{776781A0-9EF1-41EF-A4EC-4ABE806EE49C}.Debug|x86.Build.0 = Debug|Any CPU
		{776781A0-9EF1-41EF-A4EC-4ABE806EE49C}.Release|Any CPU.ActiveCfg = Release|Any CPU
		{776781A0-9EF1-41EF-A4EC-4ABE806EE49C}.Release|Any CPU.Build.0 = Release|Any CPU
		{776781A0-9EF1-41EF-A4EC-4ABE806EE49C}.Release|x64.ActiveCfg = Release|Any CPU
		{776781A0-9EF1-41EF-A4EC-4ABE806EE49C}.Release|x64.Build.0 = Release|Any CPU
		{776781A0-9EF1-41EF-A4EC-4ABE806EE49C}.Release|x86.ActiveCfg = Release|Any CPU
		{776781A0-9EF1-41EF-A4EC-4ABE806EE49C}.Release|x86.Build.0 = Release|Any CPU
	EndGlobalSection
	GlobalSection(SolutionProperties) = preSolution
		HideSolutionNode = FALSE
	EndGlobalSection
	GlobalSection(NestedProjects) = preSolution
		{6B35A1BD-6A2F-4BD1-B649-3B185EE7C84A} = {2F8D2FDA-BD8B-41E8-A46B-7B20FB17C642}
		{5F844112-7231-4A3B-9716-E8DFC11C14BF} = {2F8D2FDA-BD8B-41E8-A46B-7B20FB17C642}
		{0772EF9E-15E8-4363-859E-7F8D765186D8} = {15C6F415-19A3-4815-BFB4-11B43AFAC64F}
		{131124AE-AFD2-4762-94DB-9FD87DAACB5A} = {2F8D2FDA-BD8B-41E8-A46B-7B20FB17C642}
		{1F1DACCB-D0D7-41D8-B8B3-64D36326062A} = {2F8D2FDA-BD8B-41E8-A46B-7B20FB17C642}
		{776781A0-9EF1-41EF-A4EC-4ABE806EE49C} = {2F8D2FDA-BD8B-41E8-A46B-7B20FB17C642}
	EndGlobalSection
	GlobalSection(ExtensibilityGlobals) = postSolution
		SolutionGuid = {D7BC0D67-0030-48AF-9383-1AE5E7C86AC6}
	EndGlobalSection
EndGlobal
